
Microsoft Visual Studio Solution File, Format Version 12.00
# Visual Studio 2012
VisualStudioVersion = 12.0.30723.0
MinimumVisualStudioVersion = 10.0.40219.1
Project("{FAE04EC0-301F-11D3-BF4B-00C04F79EFBC}") = "Eve.NET", "..\..\Eve.NET\Eve.NET\Eve.NET.csproj", "{D0E09787-FEC9-4A6B-92D4-78DB328E749D}"
EndProject
Project("{FAE04EC0-301F-11D3-BF4B-00C04F79EFBC}") = "Amica.vNext.Models", "Amica.vNext.Models\Amica.vNext.Models.csproj", "{5489E3A4-1031-4568-8B63-A28C64BF7778}"
EndProject
Project("{FAE04EC0-301F-11D3-BF4B-00C04F79EFBC}") = "Amica.vNext.Models.Tests", "Tests\Amica.vNext.Models.Tests.csproj", "{8DAE1E43-21D0-492B-80BB-51E30EB119FD}"
EndProject
Project("{FAE04EC0-301F-11D3-BF4B-00C04F79EFBC}") = "Amica.vNext.Models.Net4", "Amica.vNext.Models.Net4\Amica.vNext.Models.Net4.csproj", "{B4788993-7148-4D66-9CD8-6BB7DAE2B9BC}"
EndProject
Project("{FAE04EC0-301F-11D3-BF4B-00C04F79EFBC}") = "Eve.NET.Net4", "..\..\Eve.NET\Eve.NET.Net4\Eve.NET.Net4.csproj", "{D405D3C5-DE1C-4DB1-B920-2E7CD7F450AF}"
EndProject
Global
	GlobalSection(SolutionConfigurationPlatforms) = preSolution
		Debug|Any CPU = Debug|Any CPU
		Release|Any CPU = Release|Any CPU
	EndGlobalSection
	GlobalSection(ProjectConfigurationPlatforms) = postSolution
		{5489E3A4-1031-4568-8B63-A28C64BF7778}.Debug|Any CPU.ActiveCfg = Debug|Any CPU
		{5489E3A4-1031-4568-8B63-A28C64BF7778}.Debug|Any CPU.Build.0 = Debug|Any CPU
		{5489E3A4-1031-4568-8B63-A28C64BF7778}.Release|Any CPU.ActiveCfg = Release|Any CPU
		{5489E3A4-1031-4568-8B63-A28C64BF7778}.Release|Any CPU.Build.0 = Release|Any CPU
		{8DAE1E43-21D0-492B-80BB-51E30EB119FD}.Debug|Any CPU.ActiveCfg = Debug|Any CPU
		{8DAE1E43-21D0-492B-80BB-51E30EB119FD}.Debug|Any CPU.Build.0 = Debug|Any CPU
		{8DAE1E43-21D0-492B-80BB-51E30EB119FD}.Release|Any CPU.ActiveCfg = Release|Any CPU
		{8DAE1E43-21D0-492B-80BB-51E30EB119FD}.Release|Any CPU.Build.0 = Release|Any CPU
		{B4788993-7148-4D66-9CD8-6BB7DAE2B9BC}.Debug|Any CPU.ActiveCfg = Debug|Any CPU
		{B4788993-7148-4D66-9CD8-6BB7DAE2B9BC}.Debug|Any CPU.Build.0 = Debug|Any CPU
		{B4788993-7148-4D66-9CD8-6BB7DAE2B9BC}.Release|Any CPU.ActiveCfg = Release|Any CPU
		{B4788993-7148-4D66-9CD8-6BB7DAE2B9BC}.Release|Any CPU.Build.0 = Release|Any CPU
		{D0E09787-FEC9-4A6B-92D4-78DB328E749D}.Debug|Any CPU.ActiveCfg = Debug|Any CPU
		{D0E09787-FEC9-4A6B-92D4-78DB328E749D}.Debug|Any CPU.Build.0 = Debug|Any CPU
		{D0E09787-FEC9-4A6B-92D4-78DB328E749D}.Release|Any CPU.ActiveCfg = Release|Any CPU
		{D0E09787-FEC9-4A6B-92D4-78DB328E749D}.Release|Any CPU.Build.0 = Release|Any CPU
		{D405D3C5-DE1C-4DB1-B920-2E7CD7F450AF}.Debug|Any CPU.ActiveCfg = Debug|Any CPU
		{D405D3C5-DE1C-4DB1-B920-2E7CD7F450AF}.Debug|Any CPU.Build.0 = Debug|Any CPU
		{D405D3C5-DE1C-4DB1-B920-2E7CD7F450AF}.Release|Any CPU.ActiveCfg = Release|Any CPU
		{D405D3C5-DE1C-4DB1-B920-2E7CD7F450AF}.Release|Any CPU.Build.0 = Release|Any CPU
	EndGlobalSection
	GlobalSection(MonoDevelopProperties) = preSolution
		StartupItem = ..\..\Eve.NET\Eve.NET\Eve.NET.csproj
	EndGlobalSection
	GlobalSection(SolutionProperties) = preSolution
		HideSolutionNode = FALSE
	EndGlobalSection
EndGlobal
