
Microsoft Visual Studio Solution File, Format Version 12.00
# Visual Studio 14
VisualStudioVersion = 14.0.23107.0
MinimumVisualStudioVersion = 10.0.40219.1
Project("{FAE04EC0-301F-11D3-BF4B-00C04F79EFBC}") = "Models.iOS", "Models.iOS\Models.iOS.csproj", "{FCFE5E54-97BC-4C4E-9886-872D85CE51A7}"
EndProject
Project("{FAE04EC0-301F-11D3-BF4B-00C04F79EFBC}") = "Eve.iOS", "..\..\Eve.NET\Eve.iOS\Eve.iOS.csproj", "{C932BF3E-ECDD-4A3C-9BA2-10D92A6C3143}"
EndProject
Global
	GlobalSection(SolutionConfigurationPlatforms) = preSolution
		Debug|Any CPU = Debug|Any CPU
		Release|Any CPU = Release|Any CPU
	EndGlobalSection
	GlobalSection(ProjectConfigurationPlatforms) = postSolution
		{FCFE5E54-97BC-4C4E-9886-872D85CE51A7}.Debug|Any CPU.ActiveCfg = Debug|Any CPU
		{FCFE5E54-97BC-4C4E-9886-872D85CE51A7}.Debug|Any CPU.Build.0 = Debug|Any CPU
		{FCFE5E54-97BC-4C4E-9886-872D85CE51A7}.Release|Any CPU.ActiveCfg = Release|Any CPU
		{FCFE5E54-97BC-4C4E-9886-872D85CE51A7}.Release|Any CPU.Build.0 = Release|Any CPU
		{C932BF3E-ECDD-4A3C-9BA2-10D92A6C3143}.Debug|Any CPU.ActiveCfg = Debug|Any CPU
		{C932BF3E-ECDD-4A3C-9BA2-10D92A6C3143}.Debug|Any CPU.Build.0 = Debug|Any CPU
		{C932BF3E-ECDD-4A3C-9BA2-10D92A6C3143}.Release|Any CPU.ActiveCfg = Release|Any CPU
		{C932BF3E-ECDD-4A3C-9BA2-10D92A6C3143}.Release|Any CPU.Build.0 = Release|Any CPU
	EndGlobalSection
	GlobalSection(SolutionProperties) = preSolution
		HideSolutionNode = FALSE
	EndGlobalSection
EndGlobal
